hash: 5cf0554fe6f53f636ef30bf4ff3f782d20d29d0ab9c35b177aabefff410c0aa9
updated: 2019-10-22T19:49:09.3964938+08:00
imports:
- name: github.com/btcsuite/btcd
  version: a41498d578a99c1619037746abd916176ea61052
  subpackages:
  - btcec
- name: github.com/eoscanada/eos-go
  version: dc31757533135f3380a5dd5143531eef82fdbeff
  subpackages:
  - btcsuite/btcd/btcec
  - btcsuite/btcutil
  - btcsuite/btcutil/base58
  - ecc
  - eoserr
  - system
  - token
- name: github.com/go-stack/stack
  version: 2fee6af1a9795aafbe0253a0cfbdf668e1fb8a9a
- name: github.com/gogo/protobuf
  version: 5628607bb4c51c3157aacc3a50f0ab707582b805
  subpackages:
  - proto
- name: github.com/golang/snappy
  version: ff6b7dc882cf4cfba7ee0b9f7dcc1ac096c554aa
- name: github.com/libp2p/go-libp2p-core
  version: 8f222f4b5a872d9af86f74f2ec0982c7356adce6
  subpackages:
  - crypto
  - crypto/pb
- name: github.com/minio/sha256-simd
  version: f675151bb5e19dc10d7430bd9d4ef5e7d1b5521f
- name: github.com/mr-tron/base58
  version: d504ab2e22d97cb9f10b1d146a1e6a063f4a5f43
  subpackages:
  - base58
- name: github.com/spacemonkeygo/openssl
  version: c2dcc5cca94ac8f7f3f0c20e20050d4cce9d9730
  subpackages:
  - utils
- name: github.com/spacemonkeygo/spacelog
  version: 2296661a0572a51438413369004fa931c2641923
- name: github.com/stretchr/testify
  version: 85f2b59c4459e5bf57488796be8c3667cb8246d6
- name: github.com/tidwall/gjson
  version: eee0b6226f0d1db2675a176fdfaa8419bcad4ca8
- name: github.com/tidwall/match
  version: 33827db735fff6510490d69a8622612558a557ed
- name: github.com/tidwall/pretty
  version: 1166b9ac2b65e46a43d8618d30d1554f4652d49b
- name: github.com/tidwall/sjson
  version: 25fb082a20e29e83fb7b7ef5f5919166aad1f084
- name: github.com/xdg/scram
  version: 7eeb5667e42c09cb51bf7b7c28aea8c56767da90
- name: github.com/xdg/stringprep
  version: 73f8eece6fdcd902c185bf651de50f3828bed5ed
- name: github.com/yottachain/YTCrypto
  version: 5ba8993f71713d052f23417019fa081cfc0e9001
  subpackages:
  - common
  - common/hexutil
  - common/math
  - crypto
  - crypto/ecies
  - crypto/secp256k1
  - rlp
- name: go.mongodb.org/mongo-driver
  version: 1c3b9b9a41eecdf056560e07b68e6407b8d598c3
  subpackages:
  - bson
  - bson/bsoncodec
  - bson/bsonrw
  - bson/bsontype
  - bson/primitive
  - event
  - internal
  - mongo
  - mongo/options
  - mongo/readconcern
  - mongo/readpref
  - mongo/writeconcern
  - tag
  - version
  - x/bsonx
  - x/bsonx/bsoncore
  - x/mongo/driver
  - x/mongo/driver/auth
  - x/mongo/driver/auth/internal/gssapi
  - x/mongo/driver/session
  - x/mongo/driver/topology
  - x/mongo/driver/uuid
  - x/network/address
  - x/network/command
  - x/network/compressor
  - x/network/connection
  - x/network/connstring
  - x/network/description
  - x/network/result
  - x/network/wiremessage
- name: go.uber.org/atomic
  version: df976f2515e274675050de7b3f42545de80594fd
- name: go.uber.org/multierr
  version: 71e610a0e48dbda460d9c18adca8b5f2de04a7c1
- name: go.uber.org/zap
  version: 27376062155ad36be76b0f12cf1572a221d3a48c
  subpackages:
  - buffer
  - internal/bufferpool
  - internal/color
  - internal/exit
  - zapcore
- name: golang.org/x/crypto
  version: 87dc89f01550277dc22b74ffcf4cd89fa2f40f4c
  subpackages:
  - ed25519
  - ed25519/internal/edwards25519
  - pbkdf2
  - ripemd160
  - sha3
- name: golang.org/x/sync
  version: cd5d95a43a6e21273425c7ae415d3df9ea832eeb
  subpackages:
  - semaphore
- name: golang.org/x/sys
  version: 742c48ecaeb7c624c475e02f3eb0827ebb4970d4
  subpackages:
  - cpu
  - unix
- name: golang.org/x/text
  version: 3d0f7978add91030e5e8976ff65ccdd828286cba
  subpackages:
  - transform
  - unicode
  - unicode/norm
testImports: []
